// !$*UTF8*$!
{
	archiveVersion = 1;
	classes = {
	};
	objectVersion = 46;
	objects = {

/* Begin PBXBuildFile section */
		1D156AAE1A9EFAA3005555E6 /* movie_quote.mp3 in Resources */ = {isa = PBXBuildFile; fileRef = 1D156AAD1A9EFAA3005555E6 /* movie_quote.mp3 */; };
		1D15C53F1A9DAF6D004C5FF2 /* PlaySoundsViewController.swift in Sources */ = {isa = PBXBuildFile; fileRef = 1D15C53E1A9DAF6D004C5FF2 /* PlaySoundsViewController.swift */; };
		1D323BFC1A993EA600F573FC /* AppDelegate.swift in Sources */ = {isa = PBXBuildFile; fileRef = 1D323BFB1A993EA600F573FC /* AppDelegate.swift */; };
		1D323BFE1A993EA600F573FC /* ViewController.swift in Sources */ = {isa = PBXBuildFile; fileRef = 1D323BFD1A993EA600F573FC /* ViewController.swift */; };
		1D323C011A993EA600F573FC /* Main.storyboard in Resources */ = {isa = PBXBuildFile; fileRef = 1D323BFF1A993EA600F573FC /* Main.storyboard */; };
		1D323C031A993EA600F573FC /* Images.xcassets in Resources */ = {isa = PBXBuildFile; fileRef = 1D323C021A993EA600F573FC /* Images.xcassets */; };
		1D323C061A993EA600F573FC /* LaunchScreen.xib in Resources */ = {isa = PBXBuildFile; fileRef = 1D323C041A993EA600F573FC /* LaunchScreen.xib */; };
		1D323C121A993EA600F573FC /* Pitch_PerfectTests.swift in Sources */ = {isa = PBXBuildFile; fileRef = 1D323C111A993EA600F573FC /* Pitch_PerfectTests.swift */; };
/* End PBXBuildFile section */

/* Begin PBXContainerItemProxy section */
		1D323C0C1A993EA600F573FC /* PBXContainerItemProxy */ = {
			isa = PBXContainerItemProxy;
			containerPortal = 1D323BEE1A993EA600F573FC /* Project object */;
			proxyType = 1;
			remoteGlobalIDString = 1D323BF51A993EA600F573FC;
			remoteInfo = "Pitch Perfect";
		};
/* End PBXContainerItemProxy section */

/* Begin PBXFileReference section */
		1D156AAD1A9EFAA3005555E6 /* movie_quote.mp3 */ = {isa = PBXFileReference; lastKnownFileType = audio.mp3; name = movie_quote.mp3; path = "../Pitch Perfect/movie_quote.mp3"; sourceTree = "<group>"; };
		1D15C53E1A9DAF6D004C5FF2 /* PlaySoundsViewController.swift */ = {isa = PBXFileReference; fileEncoding = 4; lastKnownFileType = sourcecode.swift; path = PlaySoundsViewController.swift; sourceTree = "<group>"; };
		1D323BF61A993EA600F573FC /* Pitch Perfect.app */ = {isa = PBXFileReference; explicitFileType = wrapper.application; includeInIndex = 0; path = "Pitch Perfect.app"; sourceTree = BUILT_PRODUCTS_DIR; };
		1D323BFA1A993EA600F573FC /* Info.plist */ = {isa = PBXFileReference; lastKnownFileType = text.plist.xml; path = Info.plist; sourceTree = "<group>"; };
		1D323BFB1A993EA600F573FC /* AppDelegate.swift */ = {isa = PBXFileReference; lastKnownFileType = sourcecode.swift; path = AppDelegate.swift; sourceTree = "<group>"; };
		1D323BFD1A993EA600F573FC /* ViewController.swift */ = {isa = PBXFileReference; lastKnownFileType = sourcecode.swift; path = ViewController.swift; sourceTree = "<group>"; };
		1D323C001A993EA600F573FC /* Base */ = {isa = PBXFileReference; lastKnownFileType = file.storyboard; name = Base; path = Base.lproj/Main.storyboard; sourceTree = "<group>"; };
		1D323C021A993EA600F573FC /* Images.xcassets */ = {isa = PBXFileReference; lastKnownFileType = folder.assetcatalog; path = Images.xcassets; sourceTree = "<group>"; };
		1D323C051A993EA600F573FC /* Base */ = {isa = PBXFileReference; lastKnownFileType = file.xib; name = Base; path = Base.lproj/LaunchScreen.xib; sourceTree = "<group>"; };
		1D323C0B1A993EA600F573FC /* Pitch PerfectTests.xctest */ = {isa = PBXFileReference; explicitFileType = wrapper.cfbundle; includeInIndex = 0; path = "Pitch PerfectTests.xctest"; sourceTree = BUILT_PRODUCTS_DIR; };
		1D323C101A993EA600F573FC /* Info.plist */ = {isa = PBXFileReference; lastKnownFileType = text.plist.xml; path = Info.plist; sourceTree = "<group>"; };
		1D323C111A993EA600F573FC /* Pitch_PerfectTests.swift */ = {isa = PBXFileReference; lastKnownFileType = sourcecode.swift; path = Pitch_PerfectTests.swift; sourceTree = "<group>"; };
/* End PBXFileReference section */

/* Begin PBXFrameworksBuildPhase section */
		1D323BF31A993EA600F573FC /* Frameworks */ = {
			isa = PBXFrameworksBuildPhase;
			buildActionMask = 2147483647;
			files = (
			);
			runOnlyForDeploymentPostprocessing = 0;
		};
		1D323C081A993EA600F573FC /* Frameworks */ = {
			isa = PBXFrameworksBuildPhase;
			buildActionMask = 2147483647;
			files = (
			);
			runOnlyForDeploymentPostprocessing = 0;
		};
/* End PBXFrameworksBuildPhase section */

/* Begin PBXGroup section */
		1D323BED1A993EA600F573FC = {
			isa = PBXGroup;
			children = (
				1D323BF81A993EA600F573FC /* Pitch Perfect */,
				1D323C0E1A993EA600F573FC /* Pitch PerfectTests */,
				1D323BF71A993EA600F573FC /* Products */,
			);
			sourceTree = "<group>";
		};
		1D323BF71A993EA600F573FC /* Products */ = {
			isa = PBXGroup;
			children = (
				1D323BF61A993EA600F573FC /* Pitch Perfect.app */,
				1D323C0B1A993EA600F573FC /* Pitch PerfectTests.xctest */,
			);
			name = Products;
			sourceTree = "<group>";
		};
		1D323BF81A993EA600F573FC /* Pitch Perfect */ = {
			isa = PBXGroup;
			children = (
				1D323BFB1A993EA600F573FC /* AppDelegate.swift */,
				1D323BFD1A993EA600F573FC /* ViewController.swift */,
				1D323BFF1A993EA600F573FC /* Main.storyboard */,
				1D15C53E1A9DAF6D004C5FF2 /* PlaySoundsViewController.swift */,
				1D323C021A993EA600F573FC /* Images.xcassets */,
				1D323C041A993EA600F573FC /* LaunchScreen.xib */,
				1D323BF91A993EA600F573FC /* Supporting Files */,
			);
			path = "Pitch Perfect";
			sourceTree = "<group>";
		};
		1D323BF91A993EA600F573FC /* Supporting Files */ = {
			isa = PBXGroup;
			children = (
				1D323BFA1A993EA600F573FC /* Info.plist */,
			);
			name = "Supporting Files";
			sourceTree = "<group>";
		};
		1D323C0E1A993EA600F573FC /* Pitch PerfectTests */ = {
			isa = PBXGroup;
			children = (
				1D323C111A993EA600F573FC /* Pitch_PerfectTests.swift */,
				1D323C0F1A993EA600F573FC /* Supporting Files */,
			);
			path = "Pitch PerfectTests";
			sourceTree = "<group>";
		};
		1D323C0F1A993EA600F573FC /* Supporting Files */ = {
			isa = PBXGroup;
			children = (
				1D156AAD1A9EFAA3005555E6 /* movie_quote.mp3 */,
				1D323C101A993EA600F573FC /* Info.plist */,
			);
			name = "Supporting Files";
			sourceTree = "<group>";
		};
/* End PBXGroup section */

/* Begin PBXNativeTarget section */
		1D323BF51A993EA600F573FC /* Pitch Perfect */ = {
			isa = PBXNativeTarget;
			buildConfigurationList = 1D323C151A993EA600F573FC /* Build configuration list for PBXNativeTarget "Pitch Perfect" */;
			buildPhases = (
				1D323BF21A993EA600F573FC /* Sources */,
				1D323BF31A993EA600F573FC /* Frameworks */,
				1D323BF41A993EA600F573FC /* Resources */,
			);
			buildRules = (
			);
			dependencies = (
			);
			name = "Pitch Perfect";
			productName = "Pitch Perfect";
			productReference = 1D323BF61A993EA600F573FC /* Pitch Perfect.app */;
			productType = "com.apple.product-type.application";
		};
		1D323C0A1A993EA600F573FC /* Pitch PerfectTests */ = {
			isa = PBXNativeTarget;
			buildConfigurationList = 1D323C181A993EA600F573FC /* Build configuration list for PBXNativeTarget "Pitch PerfectTests" */;
			buildPhases = (
				1D323C071A993EA600F573FC /* Sources */,
				1D323C081A993EA600F573FC /* Frameworks */,
				1D323C091A993EA600F573FC /* Resources */,
			);
			buildRules = (
			);
			dependencies = (
				1D323C0D1A993EA600F573FC /* PBXTargetDependency */,
			);
			name = "Pitch PerfectTests";
			productName = "Pitch PerfectTests";
			productReference = 1D323C0B1A993EA600F573FC /* Pitch PerfectTests.xctest */;
			productType = "com.apple.product-type.bundle.unit-test";
		};
/* End PBXNativeTarget section */

/* Begin PBXProject section */
		1D323BEE1A993EA600F573FC /* Project object */ = {
			isa = PBXProject;
			attributes = {
				LastUpgradeCheck = 0610;
				ORGANIZATIONNAME = Megha;
				TargetAttributes = {
					1D323BF51A993EA600F573FC = {
						CreatedOnToolsVersion = 6.1.1;
					};
					1D323C0A1A993EA600F573FC = {
						CreatedOnToolsVersion = 6.1.1;
						TestTargetID = 1D323BF51A993EA600F573FC;
					};
				};
			};
			buildConfigurationList = 1D323BF11A993EA600F573FC /* Build configuration list for PBXProject "Pitch Perfect" */;
			compatibilityVersion = "Xcode 3.2";
			developmentRegion = English;
			hasScannedForEncodings = 0;
			knownRegions = (
				en,
				Base,
			);
			mainGroup = 1D323BED1A993EA600F573FC;
			productRefGroup = 1D323BF71A993EA600F573FC /* Products */;
			projectDirPath = "";
			projectRoot = "";
			targets = (
				1D323BF51A993EA600F573FC /* Pitch Perfect */,
				1D323C0A1A993EA600F573FC /* Pitch PerfectTests */,
			);
		};
/* End PBXProject section */

/* Begin PBXResourcesBuildPhase section */
		1D323BF41A993EA600F573FC /* Resources */ = {
			isa = PBXResourcesBuildPhase;
			buildActionMask = 2147483647;
			files = (
				1D323C011A993EA600F573FC /* Main.storyboard in Resources */,
				1D323C061A993EA600F573FC /* LaunchScreen.xib in Resources */,
				1D156AAE1A9EFAA3005555E6 /* movie_quote.mp3 in Resources */,
				1D323C031A993EA600F573FC /* Images.xcassets in Resources */,
			);
			runOnlyForDeploymentPostprocessing = 0;
		};
		1D323C091A993EA600F573FC /* Resources */ = {
			isa = PBXResourcesBuildPhase;
			buildActionMask = 2147483647;
			files = (
			);
			runOnlyForDeploymentPostprocessing = 0;
		};
/* End PBXResourcesBuildPhase section */

/* Begin PBXSourcesBuildPhase section */
		1D323BF21A993EA600F573FC /* Sources */ = {
			isa = PBXSourcesBuildPhase;
			buildActionMask = 2147483647;
			files = (
				1D323BFE1A993EA600F573FC /* ViewController.swift in Sources */,
				1D15C53F1A9DAF6D004C5FF2 /* PlaySoundsViewController.swift in Sources */,
				1D323BFC1A993EA600F573FC /* AppDelegate.swift in Sources */,
			);
			runOnlyForDeploymentPostprocessing = 0;
		};
		1D323C071A993EA600F573FC /* Sources */ = {
			isa = PBXSourcesBuildPhase;
			buildActionMask = 2147483647;
			files = (
				1D323C121A993EA600F573FC /* Pitch_PerfectTests.swift in Sources */,
			);
			runOnlyForDeploymentPostprocessing = 0;
		};
/* End PBXSourcesBuildPhase section */

/* Begin PBXTargetDependency section */
		1D323C0D1A993EA600F573FC /* PBXTargetDependency */ = {
			isa = PBXTargetDependency;
			target = 1D323BF51A993EA600F573FC /* Pitch Perfect */;
			targetProxy = 1D323C0C1A993EA600F573FC /* PBXContainerItemProxy */;
		};
/* End PBXTargetDependency section */

/* Begin PBXVariantGroup section */
		1D323BFF1A993EA600F573FC /* Main.storyboard */ = {
			isa = PBXVariantGroup;
			children = (
				1D323C001A993EA600F573FC /* Base */,
			);
			name = Main.storyboard;
			sourceTree = "<group>";
		};
		1D323C041A993EA600F573FC /* LaunchScreen.xib */ = {
			isa = PBXVariantGroup;
			children = (
				1D323C051A993EA600F573FC /* Base */,
			);
			name = LaunchScreen.xib;
			sourceTree = "<group>";
		};
/* End PBXVariantGroup section */

/* Begin XCBuildConfiguration section */
		1D323C131A993EA600F573FC /* Debug */ = {
			isa = XCBuildConfiguration;
			buildSettings = {
				ALWAYS_SEARCH_USER_PATHS = NO;
				CLANG_CXX_LANGUAGE_STANDARD = "gnu++0x";
				CLANG_CXX_LIBRARY = "libc++";
				CLANG_ENABLE_MODULES = YES;
				CLANG_ENABLE_OBJC_ARC = YES;
				CLANG_WARN_BOOL_CONVERSION = YES;
				CLANG_WARN_CONSTANT_CONVERSION = YES;
				CLANG_WARN_DIRECT_OBJC_ISA_USAGE = YES_ERROR;
				CLANG_WARN_EMPTY_BODY = YES;
				CLANG_WARN_ENUM_CONVERSION = YES;
				CLANG_WARN_INT_CONVERSION = YES;
				CLANG_WARN_OBJC_ROOT_CLASS = YES_ERROR;
				CLANG_WARN_UNREACHABLE_CODE = YES;
				CLANG_WARN__DUPLICATE_METHOD_MATCH = YES;
				"CODE_SIGN_IDENTITY[sdk=iphoneos*]" = "iPhone Developer";
				COPY_PHASE_STRIP = NO;
				ENABLE_STRICT_OBJC_MSGSEND = YES;
				GCC_C_LANGUAGE_STANDARD = gnu99;
				GCC_DYNAMIC_NO_PIC = NO;
				GCC_OPTIMIZATION_LEVEL = 0;
				GCC_PREPROCESSOR_DEFINITIONS = (
					"DEBUG=1",
					"$(inherited)",
				);
				GCC_SYMBOLS_PRIVATE_EXTERN = NO;
				GCC_WARN_64_TO_32_BIT_CONVERSION = YES;
				GCC_WARN_ABOUT_RETURN_TYPE = YES_ERROR;
				GCC_WARN_UNDECLARED_SELECTOR = YES;
				GCC_WARN_UNINITIALIZED_AUTOS = YES_AGGRESSIVE;
				GCC_WARN_UNUSED_FUNCTION = YES;
				GCC_WARN_UNUSED_VARIABLE = YES;
				IPHONEOS_DEPLOYMENT_TARGET = 8.1;
				MTL_ENABLE_DEBUG_INFO = YES;
				ONLY_ACTIVE_ARCH = YES;
				SDKROOT = iphoneos;
				SWIFT_OPTIMIZATION_LEVEL = "-Onone";
			};
			name = Debug;
		};
		1D323C141A993EA600F573FC /* Release */ = {
			isa = XCBuildConfiguration;
			buildSettings = {
				ALWAYS_SEARCH_USER_PATHS = NO;
				CLANG_CXX_LANGUAGE_STANDARD = "gnu++0x";
				CLANG_CXX_LIBRARY = "libc++";
				CLANG_ENABLE_MODULES = YES;
				CLANG_ENABLE_OBJC_ARC = YES;
				CLANG_WARN_BOOL_CONVERSION = YES;
				CLANG_WARN_CONSTANT_CONVERSION = YES;
				CLANG_WARN_DIRECT_OBJC_ISA_USAGE = YES_ERROR;
				CLANG_WARN_EMPTY_BODY = YES;
				CLANG_WARN_ENUM_CONVERSION = YES;
				CLANG_WARN_INT_CONVERSION = YES;
				CLANG_WARN_OBJC_ROOT_CLASS = YES_ERROR;
				CLANG_WARN_UNREACHABLE_CODE = YES;
				CLANG_WARN__DUPLICATE_METHOD_MATCH = YES;
				"CODE_SIGN_IDENTITY[sdk=iphoneos*]" = "iPhone Developer";
				COPY_PHASE_STRIP = YES;
				ENABLE_NS_ASSERTIONS = NO;
				ENABLE_STRICT_OBJC_MSGSEND = YES;
				GCC_C_LANGUAGE_STANDARD = gnu99;
				GCC_WARN_64_TO_32_BIT_CONVERSION = YES;
				GCC_WARN_ABOUT_RETURN_TYPE = YES_ERROR;
				GCC_WARN_UNDECLARED_SELECTOR = YES;
				GCC_WARN_UNINITIALIZED_AUTOS = YES_AGGRESSIVE;
				GCC_WARN_UNUSED_FUNCTION = YES;
				GCC_WARN_UNUSED_VARIABLE = YES;
				IPHONEOS_DEPLOYMENT_TARGET = 8.1;
				MTL_ENABLE_DEBUG_INFO = NO;
				SDKROOT = iphoneos;
				VALIDATE_PRODUCT = YES;
			};
			name = Release;
		};
		1D323C161A993EA600F573FC /* Debug */ = {
			isa = XCBuildConfiguration;
			buildSettings = {
				ASSETCATALOG_COMPILER_APPICON_NAME = AppIcon;
				INFOPLIST_FILE = "Pitch Perfect/Info.plist";
				IPHONEOS_DEPLOYMENT_TARGET = 8.1;
				LD_RUNPATH_SEARCH_PATHS = "$(inherited) @executable_path/Frameworks";
				PRODUCT_NAME = "$(TARGET_NAME)";
			};
			name = Debug;
		};
		1D323C171A993EA600F573FC /* Release */ = {
			isa = XCBuildConfiguration;
			buildSettings = {
				ASSETCATALOG_COMPILER_APPICON_NAME = AppIcon;
				INFOPLIST_FILE = "Pitch Perfect/Info.plist";
				IPHONEOS_DEPLOYMENT_TARGET = 8.1;
				LD_RUNPATH_SEARCH_PATHS = "$(inherited) @executable_path/Frameworks";
				PRODUCT_NAME = "$(TARGET_NAME)";
			};
			name = Release;
		};
		1D323C191A993EA600F573FC /* Debug */ = {
			isa = XCBuildConfiguration;
			buildSettings = {
				BUNDLE_LOADER = "$(TEST_HOST)";
				FRAMEWORK_SEARCH_PATHS = (
					"$(SDKROOT)/Developer/Library/Frameworks",
					"$(inherited)",
				);
				GCC_PREPROCESSOR_DEFINITIONS = (
					"DEBUG=1",
					"$(inherited)",
				);
				INFOPLIST_FILE = "Pitch PerfectTests/Info.plist";
				LD_RUNPATH_SEARCH_PATHS = "$(inherited) @executable_path/Frameworks @loader_path/Frameworks";
				PRODUCT_NAME = "$(TARGET_NAME)";
				TEST_HOST = "$(BUILT_PRODUCTS_DIR)/Pitch Perfect.app/Pitch Perfect";
			};
			name = Debug;
		};
		1D323C1A1A993EA600F573FC /* Release */ = {
			isa = XCBuildConfiguration;
			buildSettings = {
				BUNDLE_LOADER = "$(TEST_HOST)";
				FRAMEWORK_SEARCH_PATHS = (
					"$(SDKROOT)/Developer/Library/Frameworks",
					"$(inherited)",
				);
				INFOPLIST_FILE = "Pitch PerfectTests/Info.plist";
				LD_RUNPATH_SEARCH_PATHS = "$(inherited) @executable_path/Frameworks @loader_path/Frameworks";
				PRODUCT_NAME = "$(TARGET_NAME)";
				TEST_HOST = "$(BUILT_PRODUCTS_DIR)/Pitch Perfect.app/Pitch Perfect";
			};
			name = Release;
		};
/* End XCBuildConfiguration section */

/* Begin XCConfigurationList section */
		1D323BF11A993EA600F573FC /* Build configuration list for PBXProject "Pitch Perfect" */ = {
			isa = XCConfigurationList;
			buildConfigurations = (
				1D323C131A993EA600F573FC /* Debug */,
				1D323C141A993EA600F573FC /* Release */,
			);
			defaultConfigurationIsVisible = 0;
			defaultConfigurationName = Release;
		};
		1D323C151A993EA600F573FC /* Build configuration list for PBXNativeTarget "Pitch Perfect" */ = {
			isa = XCConfigurationList;
			buildConfigurations = (
				1D323C161A993EA600F573FC /* Debug */,
				1D323C171A993EA600F573FC /* Release */,
			);
			defaultConfigurationIsVisible = 0;
			defaultConfigurationName = Release;
		};
		1D323C181A993EA600F573FC /* Build configuration list for PBXNativeTarget "Pitch PerfectTests" */ = {
			isa = XCConfigurationList;
			buildConfigurations = (
				1D323C191A993EA600F573FC /* Debug */,
				1D323C1A1A993EA600F573FC /* Release */,
			);
			defaultConfigurationIsVisible = 0;
			defaultConfigurationName = Release;
		};
/* End XCConfigurationList section */
	};
	rootObject = 1D323BEE1A993EA600F573FC /* Project object */;
}
